// !$*UTF8*$!
{
	archiveVersion = 1;
	classes = {
	};
	objectVersion = 46;
	objects = {

/* Begin PBXBuildFile section */
		5336F9651DB388C10024D91D /* ReportListViewController.swift in Sources */ = {isa = PBXBuildFile; fileRef = 5336F9641DB388C10024D91D /* ReportListViewController.swift */; };
		5336F9661DB388C10024D91D /* ReportListViewController.swift in Sources */ = {isa = PBXBuildFile; fileRef = 5336F9641DB388C10024D91D /* ReportListViewController.swift */; };
		5336F9681DB3891C0024D91D /* ReportService.swift in Sources */ = {isa = PBXBuildFile; fileRef = 5336F9671DB3891C0024D91D /* ReportService.swift */; };
		5336F9691DB3891C0024D91D /* ReportService.swift in Sources */ = {isa = PBXBuildFile; fileRef = 5336F9671DB3891C0024D91D /* ReportService.swift */; };
		5336F96B1DB389AD0024D91D /* URLSessionExtensions.swift in Sources */ = {isa = PBXBuildFile; fileRef = 5336F96A1DB389AD0024D91D /* URLSessionExtensions.swift */; };
		5336F96C1DB389AD0024D91D /* URLSessionExtensions.swift in Sources */ = {isa = PBXBuildFile; fileRef = 5336F96A1DB389AD0024D91D /* URLSessionExtensions.swift */; };
		5336F96E1DB3ED2C0024D91D /* ReportCell.swift in Sources */ = {isa = PBXBuildFile; fileRef = 5336F96D1DB3ED2C0024D91D /* ReportCell.swift */; };
		5336F9731DB4A6FD0024D91D /* ReportCellViewModel.swift in Sources */ = {isa = PBXBuildFile; fileRef = 5336F9721DB4A6FD0024D91D /* ReportCellViewModel.swift */; };
		5362B3241DC67E4400617927 /* ReportViewController.swift in Sources */ = {isa = PBXBuildFile; fileRef = 5362B3231DC67E4400617927 /* ReportViewController.swift */; };
		538229DA1DB26B1700321194 /* Argo.framework in Frameworks */ = {isa = PBXBuildFile; fileRef = 538229D81DB26B1700321194 /* Argo.framework */; };
		538229DB1DB26B1700321194 /* Curry.framework in Frameworks */ = {isa = PBXBuildFile; fileRef = 538229D91DB26B1700321194 /* Curry.framework */; };
		538229DC1DB26CDB00321194 /* Argo.framework in Frameworks */ = {isa = PBXBuildFile; fileRef = 538229D81DB26B1700321194 /* Argo.framework */; };
		538229DD1DB26CDB00321194 /* Curry.framework in Frameworks */ = {isa = PBXBuildFile; fileRef = 538229D91DB26B1700321194 /* Curry.framework */; };
		538229DF1DB26CEA00321194 /* Runes.framework in Frameworks */ = {isa = PBXBuildFile; fileRef = 538229DE1DB26CEA00321194 /* Runes.framework */; };
		538229E01DB26CF200321194 /* Runes.framework in Frameworks */ = {isa = PBXBuildFile; fileRef = 538229DE1DB26CEA00321194 /* Runes.framework */; };
		538229E31DB28E6E00321194 /* Report.swift in Sources */ = {isa = PBXBuildFile; fileRef = 538229E21DB28E6E00321194 /* Report.swift */; };
		538229E41DB28E7100321194 /* Report.swift in Sources */ = {isa = PBXBuildFile; fileRef = 538229E21DB28E6E00321194 /* Report.swift */; };
		538229E81DB2956600321194 /* ReportListResponseSpec.swift in Sources */ = {isa = PBXBuildFile; fileRef = 538229E71DB2956600321194 /* ReportListResponseSpec.swift */; };
		538229EA1DB2963E00321194 /* ReportListResponse.json in Resources */ = {isa = PBXBuildFile; fileRef = 538229E91DB2963E00321194 /* ReportListResponse.json */; };
		538229EC1DB2994A00321194 /* ReportListResponse.swift in Sources */ = {isa = PBXBuildFile; fileRef = 538229EB1DB2994A00321194 /* ReportListResponse.swift */; };
		538229ED1DB2994A00321194 /* ReportListResponse.swift in Sources */ = {isa = PBXBuildFile; fileRef = 538229EB1DB2994A00321194 /* ReportListResponse.swift */; };
		538229F11DB29AB900321194 /* ReportServiceSpec.swift in Sources */ = {isa = PBXBuildFile; fileRef = 538229F01DB29AB900321194 /* ReportServiceSpec.swift */; };
		538229F41DB29D8F00321194 /* ReactiveSwift.framework in Frameworks */ = {isa = PBXBuildFile; fileRef = 538229F21DB29D8F00321194 /* ReactiveSwift.framework */; };
		538229F51DB29D8F00321194 /* Result.framework in Frameworks */ = {isa = PBXBuildFile; fileRef = 538229F31DB29D8F00321194 /* Result.framework */; };
		538229F81DB29F3200321194 /* ReportFilterSpec.swift in Sources */ = {isa = PBXBuildFile; fileRef = 538229F71DB29F3200321194 /* ReportFilterSpec.swift */; };
		538229FA1DB2A10D00321194 /* ReportFilter.swift in Sources */ = {isa = PBXBuildFile; fileRef = 538229F91DB2A10D00321194 /* ReportFilter.swift */; };
		538229FB1DB2A10D00321194 /* ReportFilter.swift in Sources */ = {isa = PBXBuildFile; fileRef = 538229F91DB2A10D00321194 /* ReportFilter.swift */; };
		539FD9651DA8C52C00C0B66B /* AppDelegate.swift in Sources */ = {isa = PBXBuildFile; fileRef = 539FD9641DA8C52C00C0B66B /* AppDelegate.swift */; };
		539FD96C1DA8C52C00C0B66B /* Main.storyboard in Resources */ = {isa = PBXBuildFile; fileRef = 539FD96A1DA8C52C00C0B66B /* Main.storyboard */; };
		539FD96E1DA8C52C00C0B66B /* Assets.xcassets in Resources */ = {isa = PBXBuildFile; fileRef = 539FD96D1DA8C52C00C0B66B /* Assets.xcassets */; };
		539FD9711DA8C52C00C0B66B /* LaunchScreen.storyboard in Resources */ = {isa = PBXBuildFile; fileRef = 539FD96F1DA8C52C00C0B66B /* LaunchScreen.storyboard */; };
		539FD9971DA8CE5C00C0B66B /* URLRequestExtensions.swift in Sources */ = {isa = PBXBuildFile; fileRef = 539FD9961DA8CE5C00C0B66B /* URLRequestExtensions.swift */; };
		539FD9981DA8CE5C00C0B66B /* URLRequestExtensions.swift in Sources */ = {isa = PBXBuildFile; fileRef = 539FD9961DA8CE5C00C0B66B /* URLRequestExtensions.swift */; };
		539FD99A1DA8CE7800C0B66B /* URLRequestextensionsSpec.swift in Sources */ = {isa = PBXBuildFile; fileRef = 539FD9991DA8CE7800C0B66B /* URLRequestextensionsSpec.swift */; };
		539FD9A01DA8CF5F00C0B66B /* Nimble.framework in Frameworks */ = {isa = PBXBuildFile; fileRef = 539FD99D1DA8CF5F00C0B66B /* Nimble.framework */; };
		539FD9A21DA8CF5F00C0B66B /* Quick.framework in Frameworks */ = {isa = PBXBuildFile; fileRef = 539FD99E1DA8CF5F00C0B66B /* Quick.framework */; };
		539FD9A81DA8D9BD00C0B66B /* Defaults.plist in Resources */ = {isa = PBXBuildFile; fileRef = 539FD9A71DA8D9BD00C0B66B /* Defaults.plist */; };
		539FD9A91DA8D9BD00C0B66B /* Defaults.plist in Resources */ = {isa = PBXBuildFile; fileRef = 539FD9A71DA8D9BD00C0B66B /* Defaults.plist */; };
		539FD9AC1DA8DCAC00C0B66B /* ReportSpec.swift in Sources */ = {isa = PBXBuildFile; fileRef = 539FD9AB1DA8DCAC00C0B66B /* ReportSpec.swift */; };
		53D62A7C1DB267F5004C8A36 /* Report.json in Resources */ = {isa = PBXBuildFile; fileRef = 53D62A7B1DB267F5004C8A36 /* Report.json */; };
/* End PBXBuildFile section */

/* Begin PBXContainerItemProxy section */
		539FD9781DA8C52C00C0B66B /* PBXContainerItemProxy */ = {
			isa = PBXContainerItemProxy;
			containerPortal = 539FD9591DA8C52C00C0B66B /* Project object */;
			proxyType = 1;
			remoteGlobalIDString = 539FD9601DA8C52C00C0B66B;
			remoteInfo = tvarkau;
		};
		539FD9831DA8C52C00C0B66B /* PBXContainerItemProxy */ = {
			isa = PBXContainerItemProxy;
			containerPortal = 539FD9591DA8C52C00C0B66B /* Project object */;
			proxyType = 1;
			remoteGlobalIDString = 539FD9601DA8C52C00C0B66B;
			remoteInfo = tvarkau;
		};
/* End PBXContainerItemProxy section */

/* Begin PBXFileReference section */
		5336F9641DB388C10024D91D /* ReportListViewController.swift */ = {isa = PBXFileReference; fileEncoding = 4; lastKnownFileType = sourcecode.swift; path = ReportListViewController.swift; sourceTree = "<group>"; };
		5336F9671DB3891C0024D91D /* ReportService.swift */ = {isa = PBXFileReference; fileEncoding = 4; lastKnownFileType = sourcecode.swift; name = ReportService.swift; path = Services/ReportService.swift; sourceTree = "<group>"; };
		5336F96A1DB389AD0024D91D /* URLSessionExtensions.swift */ = {isa = PBXFileReference; fileEncoding = 4; lastKnownFileType = sourcecode.swift; path = URLSessionExtensions.swift; sourceTree = "<group>"; };
		5336F96D1DB3ED2C0024D91D /* ReportCell.swift */ = {isa = PBXFileReference; fileEncoding = 4; lastKnownFileType = sourcecode.swift; name = ReportCell.swift; path = ReportList/ReportCell.swift; sourceTree = "<group>"; };
		5336F9721DB4A6FD0024D91D /* ReportCellViewModel.swift */ = {isa = PBXFileReference; fileEncoding = 4; lastKnownFileType = sourcecode.swift; name = ReportCellViewModel.swift; path = ReportList/ReportCellViewModel.swift; sourceTree = "<group>"; };
		5362B3231DC67E4400617927 /* ReportViewController.swift */ = {isa = PBXFileReference; fileEncoding = 4; lastKnownFileType = sourcecode.swift; name = ReportViewController.swift; path = ReportDetails/ReportViewController.swift; sourceTree = "<group>"; };
		538229D81DB26B1700321194 /* Argo.framework */ = {isa = PBXFileReference; lastKnownFileType = wrapper.framework; name = Argo.framework; path = Carthage/Build/iOS/Argo.framework; sourceTree = "<group>"; };
		538229D91DB26B1700321194 /* Curry.framework */ = {isa = PBXFileReference; lastKnownFileType = wrapper.framework; name = Curry.framework; path = Carthage/Build/iOS/Curry.framework; sourceTree = "<group>"; };
		538229DE1DB26CEA00321194 /* Runes.framework */ = {isa = PBXFileReference; lastKnownFileType = wrapper.framework; name = Runes.framework; path = Carthage/Build/iOS/Runes.framework; sourceTree = "<group>"; };
		538229E21DB28E6E00321194 /* Report.swift */ = {isa = PBXFileReference; fileEncoding = 4; lastKnownFileType = sourcecode.swift; name = Report.swift; path = ReportList/Report.swift; sourceTree = "<group>"; };
		538229E71DB2956600321194 /* ReportListResponseSpec.swift */ = {isa = PBXFileReference; fileEncoding = 4; lastKnownFileType = sourcecode.swift; name = ReportListResponseSpec.swift; path = ReportList/ReportListResponseSpec.swift; sourceTree = "<group>"; };
		538229E91DB2963E00321194 /* ReportListResponse.json */ = {isa = PBXFileReference; fileEncoding = 4; lastKnownFileType = text.json; name = ReportListResponse.json; path = ReportList/ReportListResponse.json; sourceTree = "<group>"; };
		538229EB1DB2994A00321194 /* ReportListResponse.swift */ = {isa = PBXFileReference; fileEncoding = 4; lastKnownFileType = sourcecode.swift; path = ReportListResponse.swift; sourceTree = "<group>"; };
		538229F01DB29AB900321194 /* ReportServiceSpec.swift */ = {isa = PBXFileReference; fileEncoding = 4; lastKnownFileType = sourcecode.swift; name = ReportServiceSpec.swift; path = Services/ReportServiceSpec.swift; sourceTree = "<group>"; };
		538229F21DB29D8F00321194 /* ReactiveSwift.framework */ = {isa = PBXFileReference; lastKnownFileType = wrapper.framework; name = ReactiveSwift.framework; path = Carthage/Build/iOS/ReactiveSwift.framework; sourceTree = "<group>"; };
		538229F31DB29D8F00321194 /* Result.framework */ = {isa = PBXFileReference; lastKnownFileType = wrapper.framework; name = Result.framework; path = Carthage/Build/iOS/Result.framework; sourceTree = "<group>"; };
		538229F71DB29F3200321194 /* ReportFilterSpec.swift */ = {isa = PBXFileReference; fileEncoding = 4; lastKnownFileType = sourcecode.swift; name = ReportFilterSpec.swift; path = ReportFilterSpec/ReportFilterSpec.swift; sourceTree = "<group>"; };
		538229F91DB2A10D00321194 /* ReportFilter.swift */ = {isa = PBXFileReference; fileEncoding = 4; lastKnownFileType = sourcecode.swift; path = ReportFilter.swift; sourceTree = "<group>"; };
		539FD9611DA8C52C00C0B66B /* tvarkau.app */ = {isa = PBXFileReference; explicitFileType = wrapper.application; includeInIndex = 0; path = tvarkau.app; sourceTree = BUILT_PRODUCTS_DIR; };
		539FD9641DA8C52C00C0B66B /* AppDelegate.swift */ = {isa = PBXFileReference; lastKnownFileType = sourcecode.swift; path = AppDelegate.swift; sourceTree = "<group>"; };
		539FD96B1DA8C52C00C0B66B /* Base */ = {isa = PBXFileReference; lastKnownFileType = file.storyboard; name = Base; path = Base.lproj/Main.storyboard; sourceTree = "<group>"; };
		539FD96D1DA8C52C00C0B66B /* Assets.xcassets */ = {isa = PBXFileReference; lastKnownFileType = folder.assetcatalog; path = Assets.xcassets; sourceTree = "<group>"; };
		539FD9701DA8C52C00C0B66B /* Base */ = {isa = PBXFileReference; lastKnownFileType = file.storyboard; name = Base; path = Base.lproj/LaunchScreen.storyboard; sourceTree = "<group>"; };
		539FD9721DA8C52C00C0B66B /* Info.plist */ = {isa = PBXFileReference; lastKnownFileType = text.plist.xml; path = Info.plist; sourceTree = "<group>"; };
		539FD9961DA8CE5C00C0B66B /* URLRequestExtensions.swift */ = {isa = PBXFileReference; fileEncoding = 4; lastKnownFileType = sourcecode.swift; name = URLRequestExtensions.swift; path = Extensions/URLRequestExtensions.swift; sourceTree = "<group>"; };
		539FD9991DA8CE7800C0B66B /* URLRequestextensionsSpec.swift */ = {isa = PBXFileReference; fileEncoding = 4; lastKnownFileType = sourcecode.swift; name = URLRequestextensionsSpec.swift; path = Extensions/URLRequestextensionsSpec.swift; sourceTree = "<group>"; };
		539FD99D1DA8CF5F00C0B66B /* Nimble.framework */ = {isa = PBXFileReference; lastKnownFileType = wrapper.framework; name = Nimble.framework; path = Carthage/Build/iOS/Nimble.framework; sourceTree = "<group>"; };
		539FD99E1DA8CF5F00C0B66B /* Quick.framework */ = {isa = PBXFileReference; lastKnownFileType = wrapper.framework; name = Quick.framework; path = Carthage/Build/iOS/Quick.framework; sourceTree = "<group>"; };
		539FD9A51DA8D31000C0B66B /* Vers.h */ = {isa = PBXFileReference; fileEncoding = 4; lastKnownFileType = sourcecode.c.h; name = Vers.h; path = ../Vers.h; sourceTree = "<group>"; };
		539FD9A71DA8D9BD00C0B66B /* Defaults.plist */ = {isa = PBXFileReference; fileEncoding = 4; lastKnownFileType = text.plist.xml; path = Defaults.plist; sourceTree = "<group>"; };
		539FD9AB1DA8DCAC00C0B66B /* ReportSpec.swift */ = {isa = PBXFileReference; fileEncoding = 4; lastKnownFileType = sourcecode.swift; name = ReportSpec.swift; path = ReportList/ReportSpec.swift; sourceTree = "<group>"; };
		53D62A7B1DB267F5004C8A36 /* Report.json */ = {isa = PBXFileReference; fileEncoding = 4; lastKnownFileType = text.json; name = Report.json; path = ReportList/Report.json; sourceTree = "<group>"; };
/* End PBXFileReference section */

/* Begin PBXFrameworksBuildPhase section */
		539FD95E1DA8C52C00C0B66B /* Frameworks */ = {
			isa = PBXFrameworksBuildPhase;
			buildActionMask = 2147483647;
			files = (
				538229DB1DB26B1700321194 /* Curry.framework in Frameworks */,
				538229DF1DB26CEA00321194 /* Runes.framework in Frameworks */,
				538229F51DB29D8F00321194 /* Result.framework in Frameworks */,
				538229DA1DB26B1700321194 /* Argo.framework in Frameworks */,
				538229F41DB29D8F00321194 /* ReactiveSwift.framework in Frameworks */,
			);
			runOnlyForDeploymentPostprocessing = 0;
		};
		539FD9741DA8C52C00C0B66B /* Frameworks */ = {
			isa = PBXFrameworksBuildPhase;
			buildActionMask = 2147483647;
			files = (
				538229DC1DB26CDB00321194 /* Argo.framework in Frameworks */,
				538229DD1DB26CDB00321194 /* Curry.framework in Frameworks */,
				539FD9A01DA8CF5F00C0B66B /* Nimble.framework in Frameworks */,
				539FD9A21DA8CF5F00C0B66B /* Quick.framework in Frameworks */,
				538229E01DB26CF200321194 /* Runes.framework in Frameworks */,
			);
			runOnlyForDeploymentPostprocessing = 0;
		};
		539FD97F1DA8C52C00C0B66B /* Frameworks */ = {
			isa = PBXFrameworksBuildPhase;
			buildActionMask = 2147483647;
			files = (
			);
			runOnlyForDeploymentPostprocessing = 0;
		};
/* End PBXFrameworksBuildPhase section */

/* Begin PBXGroup section */
		5336F9631DB388500024D91D /* ViewController */ = {
			isa = PBXGroup;
			children = (
				5336F9641DB388C10024D91D /* ReportListViewController.swift */,
				5336F96D1DB3ED2C0024D91D /* ReportCell.swift */,
			);
			name = ViewController;
			sourceTree = "<group>";
		};
		5336F9711DB4A6F00024D91D /* ViewModels */ = {
			isa = PBXGroup;
			children = (
				5336F9721DB4A6FD0024D91D /* ReportCellViewModel.swift */,
			);
			name = ViewModels;
			sourceTree = "<group>";
		};
		5362B3211DC67D8E00617927 /* ReportDetails */ = {
			isa = PBXGroup;
			children = (
				5362B3221DC67E2A00617927 /* ViewController */,
			);
			name = ReportDetails;
			sourceTree = "<group>";
		};
		5362B3221DC67E2A00617927 /* ViewController */ = {
			isa = PBXGroup;
			children = (
				5362B3231DC67E4400617927 /* ReportViewController.swift */,
			);
			name = ViewController;
			sourceTree = "<group>";
		};
		538229E51DB2952700321194 /* Report */ = {
			isa = PBXGroup;
			children = (
				539FD9AB1DA8DCAC00C0B66B /* ReportSpec.swift */,
				53D62A7B1DB267F5004C8A36 /* Report.json */,
				538229E21DB28E6E00321194 /* Report.swift */,
			);
			name = Report;
			sourceTree = "<group>";
		};
		538229E61DB2953200321194 /* Response */ = {
			isa = PBXGroup;
			children = (
				538229E71DB2956600321194 /* ReportListResponseSpec.swift */,
				538229E91DB2963E00321194 /* ReportListResponse.json */,
				538229EB1DB2994A00321194 /* ReportListResponse.swift */,
			);
			name = Response;
			sourceTree = "<group>";
		};
		538229EE1DB29A7500321194 /* Services */ = {
			isa = PBXGroup;
			children = (
				538229EF1DB29AA600321194 /* Reports */,
			);
			name = Services;
			sourceTree = "<group>";
		};
		538229EF1DB29AA600321194 /* Reports */ = {
			isa = PBXGroup;
			children = (
				538229F01DB29AB900321194 /* ReportServiceSpec.swift */,
				5336F9671DB3891C0024D91D /* ReportService.swift */,
			);
			name = Reports;
			sourceTree = "<group>";
		};
		538229F61DB29F2000321194 /* ReportFilter */ = {
			isa = PBXGroup;
			children = (
				538229F71DB29F3200321194 /* ReportFilterSpec.swift */,
				538229F91DB2A10D00321194 /* ReportFilter.swift */,
			);
			name = ReportFilter;
			sourceTree = "<group>";
		};
		539FD9581DA8C52C00C0B66B = {
			isa = PBXGroup;
			children = (
				539FD9631DA8C52C00C0B66B /* tvarkau */,
				539FD99B1DA8CF4800C0B66B /* Frameworks */,
				539FD9621DA8C52C00C0B66B /* Products */,
			);
			sourceTree = "<group>";
		};
		539FD9621DA8C52C00C0B66B /* Products */ = {
			isa = PBXGroup;
			children = (
				539FD9611DA8C52C00C0B66B /* tvarkau.app */,
			);
			name = Products;
			sourceTree = "<group>";
		};
		539FD9631DA8C52C00C0B66B /* tvarkau */ = {
			isa = PBXGroup;
			children = (
				538229F61DB29F2000321194 /* ReportFilter */,
				538229EE1DB29A7500321194 /* Services */,
				539FD9951DA8C8E700C0B66B /* Extensions */,
				539FD9941DA8C8E000C0B66B /* ReportList */,
				5362B3211DC67D8E00617927 /* ReportDetails */,
				539FD9641DA8C52C00C0B66B /* AppDelegate.swift */,
				539FD96A1DA8C52C00C0B66B /* Main.storyboard */,
				539FD96D1DA8C52C00C0B66B /* Assets.xcassets */,
				539FD96F1DA8C52C00C0B66B /* LaunchScreen.storyboard */,
				539FD9A61DA8D31500C0B66B /* Supporting Files */,
			);
			path = tvarkau;
			sourceTree = "<group>";
		};
		539FD9941DA8C8E000C0B66B /* ReportList */ = {
			isa = PBXGroup;
			children = (
				5336F9711DB4A6F00024D91D /* ViewModels */,
				5336F9631DB388500024D91D /* ViewController */,
				538229E61DB2953200321194 /* Response */,
				538229E51DB2952700321194 /* Report */,
			);
			name = ReportList;
			sourceTree = "<group>";
		};
		539FD9951DA8C8E700C0B66B /* Extensions */ = {
			isa = PBXGroup;
			children = (
				539FD9961DA8CE5C00C0B66B /* URLRequestExtensions.swift */,
				539FD9991DA8CE7800C0B66B /* URLRequestextensionsSpec.swift */,
				5336F96A1DB389AD0024D91D /* URLSessionExtensions.swift */,
			);
			name = Extensions;
			sourceTree = "<group>";
		};
		539FD99B1DA8CF4800C0B66B /* Frameworks */ = {
			isa = PBXGroup;
			children = (
				539FD99C1DA8CF5200C0B66B /* iOS */,
			);
			name = Frameworks;
			sourceTree = "<group>";
		};
		539FD99C1DA8CF5200C0B66B /* iOS */ = {
			isa = PBXGroup;
			children = (
				538229D81DB26B1700321194 /* Argo.framework */,
				538229D91DB26B1700321194 /* Curry.framework */,
				539FD99D1DA8CF5F00C0B66B /* Nimble.framework */,
				539FD99E1DA8CF5F00C0B66B /* Quick.framework */,
				538229F21DB29D8F00321194 /* ReactiveSwift.framework */,
				538229F31DB29D8F00321194 /* Result.framework */,
				538229DE1DB26CEA00321194 /* Runes.framework */,
			);
			name = iOS;
			sourceTree = "<group>";
		};
		539FD9A61DA8D31500C0B66B /* Supporting Files */ = {
			isa = PBXGroup;
			children = (
				539FD9A71DA8D9BD00C0B66B /* Defaults.plist */,
				539FD9721DA8C52C00C0B66B /* Info.plist */,
				539FD9A51DA8D31000C0B66B /* Vers.h */,
			);
			name = "Supporting Files";
			sourceTree = "<group>";
		};
/* End PBXGroup section */

/* Begin PBXNativeTarget section */
		539FD9601DA8C52C00C0B66B /* tvarkau */ = {
			isa = PBXNativeTarget;
			buildConfigurationList = 539FD98B1DA8C52C00C0B66B /* Build configuration list for PBXNativeTarget "tvarkau" */;
			buildPhases = (
				539FD95D1DA8C52C00C0B66B /* Sources */,
				539FD95E1DA8C52C00C0B66B /* Frameworks */,
				539FD95F1DA8C52C00C0B66B /* Resources */,
				538229E11DB286B000321194 /* Run Carthage */,
			);
			buildRules = (
			);
			dependencies = (
			);
			name = tvarkau;
			productName = tvarkau;
			productReference = 539FD9611DA8C52C00C0B66B /* tvarkau.app */;
			productType = "com.apple.product-type.application";
		};
/* End PBXNativeTarget section */

/* Begin PBXProject section */
		539FD9591DA8C52C00C0B66B /* Project object */ = {
			isa = PBXProject;
			attributes = {
				LastSwiftUpdateCheck = 0800;
				LastUpgradeCheck = 0810;
				ORGANIZATIONNAME = "Code For Vilnius";
				TargetAttributes = {
					539FD9601DA8C52C00C0B66B = {
						CreatedOnToolsVersion = 8.0;
						DevelopmentTeam = BZW4CW4732;
						ProvisioningStyle = Automatic;
					};
				};
			};
			buildConfigurationList = 539FD95C1DA8C52C00C0B66B /* Build configuration list for PBXProject "tvarkau" */;
			compatibilityVersion = "Xcode 3.2";
			developmentRegion = English;
			hasScannedForEncodings = 0;
			knownRegions = (
				en,
				Base,
			);
			mainGroup = 539FD9581DA8C52C00C0B66B;
			productRefGroup = 539FD9621DA8C52C00C0B66B /* Products */;
			projectDirPath = "";
			projectRoot = "";
			targets = (
				539FD9601DA8C52C00C0B66B /* tvarkau */,
			);
		};
/* End PBXProject section */

/* Begin PBXResourcesBuildPhase section */
		539FD95F1DA8C52C00C0B66B /* Resources */ = {
			isa = PBXResourcesBuildPhase;
			buildActionMask = 2147483647;
			files = (
				539FD9A81DA8D9BD00C0B66B /* Defaults.plist in Resources */,
				539FD9711DA8C52C00C0B66B /* LaunchScreen.storyboard in Resources */,
				539FD96E1DA8C52C00C0B66B /* Assets.xcassets in Resources */,
				539FD96C1DA8C52C00C0B66B /* Main.storyboard in Resources */,
			);
			runOnlyForDeploymentPostprocessing = 0;
		};
		539FD9751DA8C52C00C0B66B /* Resources */ = {
			isa = PBXResourcesBuildPhase;
			buildActionMask = 2147483647;
			files = (
				538229EA1DB2963E00321194 /* ReportListResponse.json in Resources */,
				539FD9A91DA8D9BD00C0B66B /* Defaults.plist in Resources */,
				53D62A7C1DB267F5004C8A36 /* Report.json in Resources */,
			);
			runOnlyForDeploymentPostprocessing = 0;
		};
		539FD9801DA8C52C00C0B66B /* Resources */ = {
			isa = PBXResourcesBuildPhase;
			buildActionMask = 2147483647;
			files = (
			);
			runOnlyForDeploymentPostprocessing = 0;
		};
/* End PBXResourcesBuildPhase section */

/* Begin PBXShellScriptBuildPhase section */
		538229E11DB286B000321194 /* Run Carthage */ = {
			isa = PBXShellScriptBuildPhase;
			buildActionMask = 2147483647;
			files = (
			);
			inputPaths = (
				"$(SRCROOT)/Carthage/Build/iOS/Argo.framework",
				"$(SRCROOT)/Carthage/Build/iOS/Curry.framework",
				"$(SRCROOT)/Carthage/Build/iOS/Runes.framework",
				"$(SRCROOT)/Carthage/Build/iOS/ReactiveSwift.framework",
				"$(SRCROOT)/Carthage/Build/iOS/Result.framework",
			);
			name = "Run Carthage";
			outputPaths = (
			);
			runOnlyForDeploymentPostprocessing = 0;
			shellPath = /bin/sh;
			shellScript = "/usr/local/bin/carthage copy-frameworks";
		};
		539FD9A41DA8D09000C0B66B /* Run Carthage */ = {
			isa = PBXShellScriptBuildPhase;
			buildActionMask = 2147483647;
			files = (
			);
			inputPaths = (
				"$(SRCROOT)/Carthage/Build/iOS/Quick.framework",
				"$(SRCROOT)/Carthage/Build/iOS/Nimble.framework",
				"$(SRCROOT)/Carthage/Build/iOS/Argo.framework",
				"$(SRCROOT)/Carthage/Build/iOS/Curry.framework",
				"$(SRCROOT)/Carthage/Build/iOS/Runes.framework",
				"$(SRCROOT)/Carthage/Build/iOS/ReactiveSwift.framework",
				"$(SRCROOT)/Carthage/Build/iOS/Result.framework",
			);
			name = "Run Carthage";
			outputPaths = (
			);
			runOnlyForDeploymentPostprocessing = 0;
			shellPath = /bin/sh;
			shellScript = "/usr/local/bin/carthage copy-frameworks";
		};
/* End PBXShellScriptBuildPhase section */

/* Begin PBXSourcesBuildPhase section */
		539FD95D1DA8C52C00C0B66B /* Sources */ = {
			isa = PBXSourcesBuildPhase;
			buildActionMask = 2147483647;
			files = (
				539FD9651DA8C52C00C0B66B /* AppDelegate.swift in Sources */,
				5336F9681DB3891C0024D91D /* ReportService.swift in Sources */,
				5336F9731DB4A6FD0024D91D /* ReportCellViewModel.swift in Sources */,
				539FD9971DA8CE5C00C0B66B /* URLRequestExtensions.swift in Sources */,
				5362B3241DC67E4400617927 /* ReportViewController.swift in Sources */,
				5336F9651DB388C10024D91D /* ReportListViewController.swift in Sources */,
				5336F96B1DB389AD0024D91D /* URLSessionExtensions.swift in Sources */,
				538229EC1DB2994A00321194 /* ReportListResponse.swift in Sources */,
				538229E31DB28E6E00321194 /* Report.swift in Sources */,
				538229FA1DB2A10D00321194 /* ReportFilter.swift in Sources */,
				5336F96E1DB3ED2C0024D91D /* ReportCell.swift in Sources */,
			);
			runOnlyForDeploymentPostprocessing = 0;
		};
		539FD9731DA8C52C00C0B66B /* Sources */ = {
			isa = PBXSourcesBuildPhase;
			buildActionMask = 2147483647;
			files = (
				539FD99A1DA8CE7800C0B66B /* URLRequestextensionsSpec.swift in Sources */,
				5336F9661DB388C10024D91D /* ReportListViewController.swift in Sources */,
				539FD9981DA8CE5C00C0B66B /* URLRequestExtensions.swift in Sources */,
				5336F9691DB3891C0024D91D /* ReportService.swift in Sources */,
				538229F11DB29AB900321194 /* ReportServiceSpec.swift in Sources */,
				539FD9AC1DA8DCAC00C0B66B /* ReportSpec.swift in Sources */,
				538229E81DB2956600321194 /* ReportListResponseSpec.swift in Sources */,
				538229ED1DB2994A00321194 /* ReportListResponse.swift in Sources */,
				5336F96C1DB389AD0024D91D /* URLSessionExtensions.swift in Sources */,
				538229FB1DB2A10D00321194 /* ReportFilter.swift in Sources */,
				538229F81DB29F3200321194 /* ReportFilterSpec.swift in Sources */,
				538229E41DB28E7100321194 /* Report.swift in Sources */,
			);
			runOnlyForDeploymentPostprocessing = 0;
		};
		539FD97E1DA8C52C00C0B66B /* Sources */ = {
			isa = PBXSourcesBuildPhase;
			buildActionMask = 2147483647;
			files = (
			);
			runOnlyForDeploymentPostprocessing = 0;
		};
/* End PBXSourcesBuildPhase section */

/* Begin PBXTargetDependency section */
		539FD9791DA8C52C00C0B66B /* PBXTargetDependency */ = {
			isa = PBXTargetDependency;
			target = 539FD9601DA8C52C00C0B66B /* tvarkau */;
			targetProxy = 539FD9781DA8C52C00C0B66B /* PBXContainerItemProxy */;
		};
		539FD9841DA8C52C00C0B66B /* PBXTargetDependency */ = {
			isa = PBXTargetDependency;
			target = 539FD9601DA8C52C00C0B66B /* tvarkau */;
			targetProxy = 539FD9831DA8C52C00C0B66B /* PBXContainerItemProxy */;
		};
/* End PBXTargetDependency section */

/* Begin PBXVariantGroup section */
		539FD96A1DA8C52C00C0B66B /* Main.storyboard */ = {
			isa = PBXVariantGroup;
			children = (
				539FD96B1DA8C52C00C0B66B /* Base */,
			);
			name = Main.storyboard;
			sourceTree = "<group>";
		};
		539FD96F1DA8C52C00C0B66B /* LaunchScreen.storyboard */ = {
			isa = PBXVariantGroup;
			children = (
				539FD9701DA8C52C00C0B66B /* Base */,
			);
			name = LaunchScreen.storyboard;
			sourceTree = "<group>";
		};
/* End PBXVariantGroup section */

/* Begin XCBuildConfiguration section */
		539FD9891DA8C52C00C0B66B /* Debug */ = {
			isa = XCBuildConfiguration;
			buildSettings = {
				ALWAYS_SEARCH_USER_PATHS = NO;
				CLANG_ANALYZER_NONNULL = YES;
				CLANG_CXX_LANGUAGE_STANDARD = "gnu++0x";
				CLANG_CXX_LIBRARY = "libc++";
				CLANG_ENABLE_MODULES = YES;
				CLANG_ENABLE_OBJC_ARC = YES;
				CLANG_WARN_BOOL_CONVERSION = YES;
				CLANG_WARN_CONSTANT_CONVERSION = YES;
				CLANG_WARN_DIRECT_OBJC_ISA_USAGE = YES_ERROR;
				CLANG_WARN_DOCUMENTATION_COMMENTS = YES;
				CLANG_WARN_EMPTY_BODY = YES;
				CLANG_WARN_ENUM_CONVERSION = YES;
				CLANG_WARN_INFINITE_RECURSION = YES;
				CLANG_WARN_INT_CONVERSION = YES;
				CLANG_WARN_OBJC_ROOT_CLASS = YES_ERROR;
				CLANG_WARN_SUSPICIOUS_MOVE = YES;
				CLANG_WARN_SUSPICIOUS_MOVES = YES;
				CLANG_WARN_UNREACHABLE_CODE = YES;
				CLANG_WARN__DUPLICATE_METHOD_MATCH = YES;
				"CODE_SIGN_IDENTITY[sdk=iphoneos*]" = "iPhone Developer";
				COPY_PHASE_STRIP = NO;
				DEBUG_INFORMATION_FORMAT = dwarf;
				ENABLE_STRICT_OBJC_MSGSEND = YES;
				ENABLE_TESTABILITY = YES;
				GCC_C_LANGUAGE_STANDARD = gnu99;
				GCC_DYNAMIC_NO_PIC = NO;
				GCC_NO_COMMON_BLOCKS = YES;
				GCC_OPTIMIZATION_LEVEL = 0;
				GCC_PREPROCESSOR_DEFINITIONS = (
					"DEBUG=1",
					"$(inherited)",
				);
				GCC_WARN_64_TO_32_BIT_CONVERSION = YES;
				GCC_WARN_ABOUT_RETURN_TYPE = YES_ERROR;
				GCC_WARN_UNDECLARED_SELECTOR = YES;
				GCC_WARN_UNINITIALIZED_AUTOS = YES_AGGRESSIVE;
				GCC_WARN_UNUSED_FUNCTION = YES;
				GCC_WARN_UNUSED_VARIABLE = YES;
				IPHONEOS_DEPLOYMENT_TARGET = 10.0;
				MTL_ENABLE_DEBUG_INFO = YES;
				ONLY_ACTIVE_ARCH = YES;
				SDKROOT = iphoneos;
				SWIFT_ACTIVE_COMPILATION_CONDITIONS = DEBUG;
				SWIFT_OPTIMIZATION_LEVEL = "-Onone";
				TARGETED_DEVICE_FAMILY = "1,2";
			};
			name = Debug;
		};
		539FD98A1DA8C52C00C0B66B /* Release */ = {
			isa = XCBuildConfiguration;
			buildSettings = {
				ALWAYS_SEARCH_USER_PATHS = NO;
				CLANG_ANALYZER_NONNULL = YES;
				CLANG_CXX_LANGUAGE_STANDARD = "gnu++0x";
				CLANG_CXX_LIBRARY = "libc++";
				CLANG_ENABLE_MODULES = YES;
				CLANG_ENABLE_OBJC_ARC = YES;
				CLANG_WARN_BOOL_CONVERSION = YES;
				CLANG_WARN_CONSTANT_CONVERSION = YES;
				CLANG_WARN_DIRECT_OBJC_ISA_USAGE = YES_ERROR;
				CLANG_WARN_DOCUMENTATION_COMMENTS = YES;
				CLANG_WARN_EMPTY_BODY = YES;
				CLANG_WARN_ENUM_CONVERSION = YES;
				CLANG_WARN_INFINITE_RECURSION = YES;
				CLANG_WARN_INT_CONVERSION = YES;
				CLANG_WARN_OBJC_ROOT_CLASS = YES_ERROR;
				CLANG_WARN_SUSPICIOUS_MOVE = YES;
				CLANG_WARN_SUSPICIOUS_MOVES = YES;
				CLANG_WARN_UNREACHABLE_CODE = YES;
				CLANG_WARN__DUPLICATE_METHOD_MATCH = YES;
				"CODE_SIGN_IDENTITY[sdk=iphoneos*]" = "iPhone Developer";
				COPY_PHASE_STRIP = NO;
				DEBUG_INFORMATION_FORMAT = "dwarf-with-dsym";
				ENABLE_NS_ASSERTIONS = NO;
				ENABLE_STRICT_OBJC_MSGSEND = YES;
				GCC_C_LANGUAGE_STANDARD = gnu99;
				GCC_NO_COMMON_BLOCKS = YES;
				GCC_WARN_64_TO_32_BIT_CONVERSION = YES;
				GCC_WARN_ABOUT_RETURN_TYPE = YES_ERROR;
				GCC_WARN_UNDECLARED_SELECTOR = YES;
				GCC_WARN_UNINITIALIZED_AUTOS = YES_AGGRESSIVE;
				GCC_WARN_UNUSED_FUNCTION = YES;
				GCC_WARN_UNUSED_VARIABLE = YES;
				IPHONEOS_DEPLOYMENT_TARGET = 10.0;
				MTL_ENABLE_DEBUG_INFO = NO;
				SDKROOT = iphoneos;
				SWIFT_OPTIMIZATION_LEVEL = "-Owholemodule";
				TARGETED_DEVICE_FAMILY = "1,2";
				VALIDATE_PRODUCT = YES;
			};
			name = Release;
		};
		539FD98C1DA8C52C00C0B66B /* Debug */ = {
			isa = XCBuildConfiguration;
			buildSettings = {
				ASSETCATALOG_COMPILER_APPICON_NAME = AppIcon;
				DEVELOPMENT_TEAM = BZW4CW4732;
				FRAMEWORK_SEARCH_PATHS = (
					"$(inherited)",
					"$(PROJECT_DIR)/Carthage/Build/iOS",
				);
				INFOPLIST_FILE = tvarkau/Info.plist;
				INFOPLIST_PREFIX_HEADER = $SRCROOT/Vers.h;
				INFOPLIST_PREPROCESS = YES;
				LD_RUNPATH_SEARCH_PATHS = "$(inherited) @executable_path/Frameworks";
				PRODUCT_BUNDLE_IDENTIFIER = lt.vilnius.tvarkau;
				PRODUCT_NAME = "$(TARGET_NAME)";
				SWIFT_VERSION = 3.0;
			};
			name = Debug;
		};
		539FD98D1DA8C52C00C0B66B /* Release */ = {
			isa = XCBuildConfiguration;
			buildSettings = {
				ASSETCATALOG_COMPILER_APPICON_NAME = AppIcon;
				DEVELOPMENT_TEAM = BZW4CW4732;
				FRAMEWORK_SEARCH_PATHS = (
					"$(inherited)",
					"$(PROJECT_DIR)/Carthage/Build/iOS",
				);
				INFOPLIST_FILE = tvarkau/Info.plist;
				INFOPLIST_PREFIX_HEADER = $SRCROOT/Vers.h;
				INFOPLIST_PREPROCESS = YES;
				LD_RUNPATH_SEARCH_PATHS = "$(inherited) @executable_path/Frameworks";
				PRODUCT_BUNDLE_IDENTIFIER = lt.vilnius.tvarkau;
				PRODUCT_NAME = "$(TARGET_NAME)";
				SWIFT_VERSION = 3.0;
			};
			name = Release;
		};
/* End XCBuildConfiguration section */

/* Begin XCConfigurationList section */
		539FD95C1DA8C52C00C0B66B /* Build configuration list for PBXProject "tvarkau" */ = {
			isa = XCConfigurationList;
			buildConfigurations = (
				539FD9891DA8C52C00C0B66B /* Debug */,
				539FD98A1DA8C52C00C0B66B /* Release */,
			);
			defaultConfigurationIsVisible = 0;
			defaultConfigurationName = Release;
		};
		539FD98B1DA8C52C00C0B66B /* Build configuration list for PBXNativeTarget "tvarkau" */ = {
			isa = XCConfigurationList;
			buildConfigurations = (
				539FD98C1DA8C52C00C0B66B /* Debug */,
				539FD98D1DA8C52C00C0B66B /* Release */,
			);
			defaultConfigurationIsVisible = 0;
			defaultConfigurationName = Release;
		};
/* End XCConfigurationList section */
	};
	rootObject = 539FD9591DA8C52C00C0B66B /* Project object */;
}
